// !$*UTF8*$!
{
	archiveVersion = 1;
	classes = {
	};
	objectVersion = 46;
	objects = {

/* Begin PBXBuildFile section */
		C651DFD21818C71100EABB99 /* Foundation.framework in Frameworks */ = {isa = PBXBuildFile; fileRef = C651DFD11818C71100EABB99 /* Foundation.framework */; };
		C651DFD41818C71100EABB99 /* CoreGraphics.framework in Frameworks */ = {isa = PBXBuildFile; fileRef = C651DFD31818C71100EABB99 /* CoreGraphics.framework */; };
		C651DFD61818C71100EABB99 /* UIKit.framework in Frameworks */ = {isa = PBXBuildFile; fileRef = C651DFD51818C71100EABB99 /* UIKit.framework */; };
		C651DFDC1818C71100EABB99 /* InfoPlist.strings in Resources */ = {isa = PBXBuildFile; fileRef = C651DFDA1818C71100EABB99 /* InfoPlist.strings */; };
		C651DFDE1818C71100EABB99 /* main.m in Sources */ = {isa = PBXBuildFile; fileRef = C651DFDD1818C71100EABB99 /* main.m */; };
		C651DFE51818C71100EABB99 /* Main_iPhone.storyboard in Resources */ = {isa = PBXBuildFile; fileRef = C651DFE31818C71100EABB99 /* Main_iPhone.storyboard */; };
		C651DFE81818C71100EABB99 /* Main_iPad.storyboard in Resources */ = {isa = PBXBuildFile; fileRef = C651DFE61818C71100EABB99 /* Main_iPad.storyboard */; };
		C651DFED1818C71100EABB99 /* Images.xcassets in Resources */ = {isa = PBXBuildFile; fileRef = C651DFEC1818C71100EABB99 /* Images.xcassets */; };
		C651DFF41818C71100EABB99 /* XCTest.framework in Frameworks */ = {isa = PBXBuildFile; fileRef = C651DFF31818C71100EABB99 /* XCTest.framework */; };
		C651DFF51818C71100EABB99 /* Foundation.framework in Frameworks */ = {isa = PBXBuildFile; fileRef = C651DFD11818C71100EABB99 /* Foundation.framework */; };
		C651DFF61818C71100EABB99 /* UIKit.framework in Frameworks */ = {isa = PBXBuildFile; fileRef = C651DFD51818C71100EABB99 /* UIKit.framework */; };
		C651DFFE1818C71100EABB99 /* InfoPlist.strings in Resources */ = {isa = PBXBuildFile; fileRef = C651DFFC1818C71100EABB99 /* InfoPlist.strings */; };
		C651E0001818C71100EABB99 /* BLETennisTests.m in Sources */ = {isa = PBXBuildFile; fileRef = C651DFFF1818C71100EABB99 /* BLETennisTests.m */; };
		C651E0131818CC1800EABB99 /* VWWBLEController.m in Sources */ = {isa = PBXBuildFile; fileRef = C651E00B1818CC1800EABB99 /* VWWBLEController.m */; };
		C651E0141818CC1800EABB99 /* VWWConnectViewController.m in Sources */ = {isa = PBXBuildFile; fileRef = C651E00D1818CC1800EABB99 /* VWWConnectViewController.m */; };
		C651E0151818CC1800EABB99 /* VWWTennisTableViewCell.m in Sources */ = {isa = PBXBuildFile; fileRef = C651E0101818CC1800EABB99 /* VWWTennisTableViewCell.m */; };
		C651E0161818CC1800EABB99 /* VWWTennisViewController.m in Sources */ = {isa = PBXBuildFile; fileRef = C651E0121818CC1800EABB99 /* VWWTennisViewController.m */; };
		C651E01B1818CC3400EABB99 /* BLE.m in Sources */ = {isa = PBXBuildFile; fileRef = C651E0191818CC3300EABB99 /* BLE.m */; };
		C651E0241818CC4A00EABB99 /* MBProgressHUD.m in Sources */ = {isa = PBXBuildFile; fileRef = C651E01F1818CC4A00EABB99 /* MBProgressHUD.m */; };
		C651E0251818CC4A00EABB99 /* NSTimer+Blocks.m in Sources */ = {isa = PBXBuildFile; fileRef = C651E0221818CC4A00EABB99 /* NSTimer+Blocks.m */; };
		C651E0261818CC4A00EABB99 /* README.md in Resources */ = {isa = PBXBuildFile; fileRef = C651E0231818CC4A00EABB99 /* README.md */; };
		C651E0291818CCA400EABB99 /* VWWAppDelegate.m in Sources */ = {isa = PBXBuildFile; fileRef = C651E0281818CCA400EABB99 /* VWWAppDelegate.m */; };
		C695A1D31818D0370061BEE0 /* BLETennis_sketch.ino in Resources */ = {isa = PBXBuildFile; fileRef = C695A1D21818D0370061BEE0 /* BLETennis_sketch.ino */; };
		C695A1D61818DB140061BEE0 /* LCD.txt in Resources */ = {isa = PBXBuildFile; fileRef = C695A1D51818DB140061BEE0 /* LCD.txt */; };
/* End PBXBuildFile section */

/* Begin PBXContainerItemProxy section */
		C651DFF71818C71100EABB99 /* PBXContainerItemProxy */ = {
			isa = PBXContainerItemProxy;
			containerPortal = C651DFC61818C71100EABB99 /* Project object */;
			proxyType = 1;
			remoteGlobalIDString = C651DFCD1818C71100EABB99;
			remoteInfo = BLETennis;
		};
/* End PBXContainerItemProxy section */

/* Begin PBXFileReference section */
		C651DFCE1818C71100EABB99 /* BLETennis.app */ = {isa = PBXFileReference; explicitFileType = wrapper.application; includeInIndex = 0; path = BLETennis.app; sourceTree = BUILT_PRODUCTS_DIR; };
		C651DFD11818C71100EABB99 /* Foundation.framework */ = {isa = PBXFileReference; lastKnownFileType = wrapper.framework; name = Foundation.framework; path = System/Library/Frameworks/Foundation.framework; sourceTree = SDKROOT; };
		C651DFD31818C71100EABB99 /* CoreGraphics.framework */ = {isa = PBXFileReference; lastKnownFileType = wrapper.framework; name = CoreGraphics.framework; path = System/Library/Frameworks/CoreGraphics.framework; sourceTree = SDKROOT; };
		C651DFD51818C71100EABB99 /* UIKit.framework */ = {isa = PBXFileReference; lastKnownFileType = wrapper.framework; name = UIKit.framework; path = System/Library/Frameworks/UIKit.framework; sourceTree = SDKROOT; };
		C651DFD91818C71100EABB99 /* BLETennis-Info.plist */ = {isa = PBXFileReference; lastKnownFileType = text.plist.xml; path = "BLETennis-Info.plist"; sourceTree = "<group>"; };
		C651DFDB1818C71100EABB99 /* en */ = {isa = PBXFileReference; lastKnownFileType = text.plist.strings; name = en; path = en.lproj/InfoPlist.strings; sourceTree = "<group>"; };
		C651DFDD1818C71100EABB99 /* main.m */ = {isa = PBXFileReference; lastKnownFileType = sourcecode.c.objc; path = main.m; sourceTree = "<group>"; };
		C651DFDF1818C71100EABB99 /* BLETennis-Prefix.pch */ = {isa = PBXFileReference; lastKnownFileType = sourcecode.c.h; path = "BLETennis-Prefix.pch"; sourceTree = "<group>"; };
		C651DFE41818C71100EABB99 /* Base */ = {isa = PBXFileReference; lastKnownFileType = file.storyboard; name = Base; path = Base.lproj/Main_iPhone.storyboard; sourceTree = "<group>"; };
		C651DFE71818C71100EABB99 /* Base */ = {isa = PBXFileReference; lastKnownFileType = file.storyboard; name = Base; path = Base.lproj/Main_iPad.storyboard; sourceTree = "<group>"; };
		C651DFEC1818C71100EABB99 /* Images.xcassets */ = {isa = PBXFileReference; lastKnownFileType = folder.assetcatalog; path = Images.xcassets; sourceTree = "<group>"; };
		C651DFF21818C71100EABB99 /* BLETennisTests.xctest */ = {isa = PBXFileReference; explicitFileType = wrapper.cfbundle; includeInIndex = 0; path = BLETennisTests.xctest; sourceTree = BUILT_PRODUCTS_DIR; };
		C651DFF31818C71100EABB99 /* XCTest.framework */ = {isa = PBXFileReference; lastKnownFileType = wrapper.framework; name = XCTest.framework; path = Library/Frameworks/XCTest.framework; sourceTree = DEVELOPER_DIR; };
		C651DFFB1818C71100EABB99 /* BLETennisTests-Info.plist */ = {isa = PBXFileReference; lastKnownFileType = text.plist.xml; path = "BLETennisTests-Info.plist"; sourceTree = "<group>"; };
		C651DFFD1818C71100EABB99 /* en */ = {isa = PBXFileReference; lastKnownFileType = text.plist.strings; name = en; path = en.lproj/InfoPlist.strings; sourceTree = "<group>"; };
		C651DFFF1818C71100EABB99 /* BLETennisTests.m */ = {isa = PBXFileReference; lastKnownFileType = sourcecode.c.objc; path = BLETennisTests.m; sourceTree = "<group>"; };
		C651E00A1818CC1800EABB99 /* VWWBLEController.h */ = {isa = PBXFileReference; fileEncoding = 4; lastKnownFileType = sourcecode.c.h; path = VWWBLEController.h; sourceTree = "<group>"; };
		C651E00B1818CC1800EABB99 /* VWWBLEController.m */ = {isa = PBXFileReference; fileEncoding = 4; lastKnownFileType = sourcecode.c.objc; path = VWWBLEController.m; sourceTree = "<group>"; };
		C651E00C1818CC1800EABB99 /* VWWConnectViewController.h */ = {isa = PBXFileReference; fileEncoding = 4; lastKnownFileType = sourcecode.c.h; path = VWWConnectViewController.h; sourceTree = "<group>"; };
		C651E00D1818CC1800EABB99 /* VWWConnectViewController.m */ = {isa = PBXFileReference; fileEncoding = 4; lastKnownFileType = sourcecode.c.objc; path = VWWConnectViewController.m; sourceTree = "<group>"; };
		C651E00E1818CC1800EABB99 /* VWWTennisKeys.h */ = {isa = PBXFileReference; fileEncoding = 4; lastKnownFileType = sourcecode.c.h; path = VWWTennisKeys.h; sourceTree = "<group>"; };
		C651E00F1818CC1800EABB99 /* VWWTennisTableViewCell.h */ = {isa = PBXFileReference; fileEncoding = 4; lastKnownFileType = sourcecode.c.h; path = VWWTennisTableViewCell.h; sourceTree = "<group>"; };
		C651E0101818CC1800EABB99 /* VWWTennisTableViewCell.m */ = {isa = PBXFileReference; fileEncoding = 4; lastKnownFileType = sourcecode.c.objc; path = VWWTennisTableViewCell.m; sourceTree = "<group>"; };
		C651E0111818CC1800EABB99 /* VWWTennisViewController.h */ = {isa = PBXFileReference; fileEncoding = 4; lastKnownFileType = sourcecode.c.h; path = VWWTennisViewController.h; sourceTree = "<group>"; };
		C651E0121818CC1800EABB99 /* VWWTennisViewController.m */ = {isa = PBXFileReference; fileEncoding = 4; lastKnownFileType = sourcecode.c.objc; path = VWWTennisViewController.m; sourceTree = "<group>"; };
		C651E0181818CC3300EABB99 /* BLE.h */ = {isa = PBXFileReference; fileEncoding = 4; lastKnownFileType = sourcecode.c.h; path = BLE.h; sourceTree = "<group>"; };
		C651E0191818CC3300EABB99 /* BLE.m */ = {isa = PBXFileReference; fileEncoding = 4; lastKnownFileType = sourcecode.c.objc; path = BLE.m; sourceTree = "<group>"; };
		C651E01A1818CC3300EABB99 /* BLEDefines.h */ = {isa = PBXFileReference; fileEncoding = 4; lastKnownFileType = sourcecode.c.h; path = BLEDefines.h; sourceTree = "<group>"; };
		C651E01E1818CC4A00EABB99 /* MBProgressHUD.h */ = {isa = PBXFileReference; fileEncoding = 4; lastKnownFileType = sourcecode.c.h; path = MBProgressHUD.h; sourceTree = "<group>"; };
		C651E01F1818CC4A00EABB99 /* MBProgressHUD.m */ = {isa = PBXFileReference; fileEncoding = 4; lastKnownFileType = sourcecode.c.objc; path = MBProgressHUD.m; sourceTree = "<group>"; };
		C651E0211818CC4A00EABB99 /* NSTimer+Blocks.h */ = {isa = PBXFileReference; fileEncoding = 4; lastKnownFileType = sourcecode.c.h; path = "NSTimer+Blocks.h"; sourceTree = "<group>"; };
		C651E0221818CC4A00EABB99 /* NSTimer+Blocks.m */ = {isa = PBXFileReference; fileEncoding = 4; lastKnownFileType = sourcecode.c.objc; path = "NSTimer+Blocks.m"; sourceTree = "<group>"; };
		C651E0231818CC4A00EABB99 /* README.md */ = {isa = PBXFileReference; fileEncoding = 4; lastKnownFileType = text; path = README.md; sourceTree = "<group>"; };
		C651E0271818CCA400EABB99 /* VWWAppDelegate.h */ = {isa = PBXFileReference; fileEncoding = 4; lastKnownFileType = sourcecode.c.h; path = VWWAppDelegate.h; sourceTree = "<group>"; };
		C651E0281818CCA400EABB99 /* VWWAppDelegate.m */ = {isa = PBXFileReference; fileEncoding = 4; lastKnownFileType = sourcecode.c.objc; path = VWWAppDelegate.m; sourceTree = "<group>"; };
		C695A1D21818D0370061BEE0 /* BLETennis_sketch.ino */ = {isa = PBXFileReference; fileEncoding = 4; lastKnownFileType = text; path = BLETennis_sketch.ino; sourceTree = "<group>"; };
		C695A1D51818DB140061BEE0 /* LCD.txt */ = {isa = PBXFileReference; fileEncoding = 4; lastKnownFileType = text; path = LCD.txt; sourceTree = "<group>"; };
/* End PBXFileReference section */

/* Begin PBXFrameworksBuildPhase section */
		C651DFCB1818C71100EABB99 /* Frameworks */ = {
			isa = PBXFrameworksBuildPhase;
			buildActionMask = 2147483647;
			files = (
				C651DFD41818C71100EABB99 /* CoreGraphics.framework in Frameworks */,
				C651DFD61818C71100EABB99 /* UIKit.framework in Frameworks */,
				C651DFD21818C71100EABB99 /* Foundation.framework in Frameworks */,
			);
			runOnlyForDeploymentPostprocessing = 0;
		};
		C651DFEF1818C71100EABB99 /* Frameworks */ = {
			isa = PBXFrameworksBuildPhase;
			buildActionMask = 2147483647;
			files = (
				C651DFF41818C71100EABB99 /* XCTest.framework in Frameworks */,
				C651DFF61818C71100EABB99 /* UIKit.framework in Frameworks */,
				C651DFF51818C71100EABB99 /* Foundation.framework in Frameworks */,
			);
			runOnlyForDeploymentPostprocessing = 0;
		};
/* End PBXFrameworksBuildPhase section */

/* Begin PBXGroup section */
		C651DFC51818C71100EABB99 = {
			isa = PBXGroup;
			children = (
				C651DFD71818C71100EABB99 /* BLETennis */,
				C695A1D11818D0370061BEE0 /* BLETennis_Sketch */,
				C651DFF91818C71100EABB99 /* BLETennisTests */,
				C651DFD01818C71100EABB99 /* Frameworks */,
				C651DFCF1818C71100EABB99 /* Products */,
			);
			sourceTree = "<group>";
		};
		C651DFCF1818C71100EABB99 /* Products */ = {
			isa = PBXGroup;
			children = (
				C651DFCE1818C71100EABB99 /* BLETennis.app */,
				C651DFF21818C71100EABB99 /* BLETennisTests.xctest */,
			);
			name = Products;
			sourceTree = "<group>";
		};
		C651DFD01818C71100EABB99 /* Frameworks */ = {
			isa = PBXGroup;
			children = (
				C651DFD11818C71100EABB99 /* Foundation.framework */,
				C651DFD31818C71100EABB99 /* CoreGraphics.framework */,
				C651DFD51818C71100EABB99 /* UIKit.framework */,
				C651DFF31818C71100EABB99 /* XCTest.framework */,
			);
			name = Frameworks;
			sourceTree = "<group>";
		};
		C651DFD71818C71100EABB99 /* BLETennis */ = {
			isa = PBXGroup;
			children = (
				C695A1D41818DAEA0061BEE0 /* Documentation */,
				C651E0171818CC3300EABB99 /* BLE_Framework */,
				C651E0091818CC1800EABB99 /* Controllers */,
				C651DFEC1818C71100EABB99 /* Images.xcassets */,
				C651DFE61818C71100EABB99 /* Main_iPad.storyboard */,
				C651DFE31818C71100EABB99 /* Main_iPhone.storyboard */,
				C651DFD81818C71100EABB99 /* Supporting Files */,
				C651E01C1818CC4A00EABB99 /* ThirdParty */,
			);
			path = BLETennis;
			sourceTree = "<group>";
		};
		C651DFD81818C71100EABB99 /* Supporting Files */ = {
			isa = PBXGroup;
			children = (
				C651E0271818CCA400EABB99 /* VWWAppDelegate.h */,
				C651E0281818CCA400EABB99 /* VWWAppDelegate.m */,
				C651DFD91818C71100EABB99 /* BLETennis-Info.plist */,
				C651DFDA1818C71100EABB99 /* InfoPlist.strings */,
				C651DFDD1818C71100EABB99 /* main.m */,
				C651DFDF1818C71100EABB99 /* BLETennis-Prefix.pch */,
			);
			name = "Supporting Files";
			sourceTree = "<group>";
		};
		C651DFF91818C71100EABB99 /* BLETennisTests */ = {
			isa = PBXGroup;
			children = (
				C651DFFF1818C71100EABB99 /* BLETennisTests.m */,
				C651DFFA1818C71100EABB99 /* Supporting Files */,
			);
			path = BLETennisTests;
			sourceTree = "<group>";
		};
		C651DFFA1818C71100EABB99 /* Supporting Files */ = {
			isa = PBXGroup;
			children = (
				C651DFFB1818C71100EABB99 /* BLETennisTests-Info.plist */,
				C651DFFC1818C71100EABB99 /* InfoPlist.strings */,
			);
			name = "Supporting Files";
			sourceTree = "<group>";
		};
		C651E0091818CC1800EABB99 /* Controllers */ = {
			isa = PBXGroup;
			children = (
				C651E00A1818CC1800EABB99 /* VWWBLEController.h */,
				C651E00B1818CC1800EABB99 /* VWWBLEController.m */,
				C651E00C1818CC1800EABB99 /* VWWConnectViewController.h */,
				C651E00D1818CC1800EABB99 /* VWWConnectViewController.m */,
				C651E00E1818CC1800EABB99 /* VWWTennisKeys.h */,
				C651E00F1818CC1800EABB99 /* VWWTennisTableViewCell.h */,
				C651E0101818CC1800EABB99 /* VWWTennisTableViewCell.m */,
				C651E0111818CC1800EABB99 /* VWWTennisViewController.h */,
				C651E0121818CC1800EABB99 /* VWWTennisViewController.m */,
			);
			path = Controllers;
			sourceTree = "<group>";
		};
		C651E0171818CC3300EABB99 /* BLE_Framework */ = {
			isa = PBXGroup;
			children = (
				C651E0181818CC3300EABB99 /* BLE.h */,
				C651E0191818CC3300EABB99 /* BLE.m */,
				C651E01A1818CC3300EABB99 /* BLEDefines.h */,
			);
			path = BLE_Framework;
			sourceTree = "<group>";
		};
		C651E01C1818CC4A00EABB99 /* ThirdParty */ = {
			isa = PBXGroup;
			children = (
				C651E01D1818CC4A00EABB99 /* MBProgressHUD */,
				C651E0201818CC4A00EABB99 /* NSTimer-Blocks */,
			);
			path = ThirdParty;
			sourceTree = "<group>";
		};
		C651E01D1818CC4A00EABB99 /* MBProgressHUD */ = {
			isa = PBXGroup;
			children = (
				C651E01E1818CC4A00EABB99 /* MBProgressHUD.h */,
				C651E01F1818CC4A00EABB99 /* MBProgressHUD.m */,
			);
			path = MBProgressHUD;
			sourceTree = "<group>";
		};
		C651E0201818CC4A00EABB99 /* NSTimer-Blocks */ = {
			isa = PBXGroup;
			children = (
				C651E0211818CC4A00EABB99 /* NSTimer+Blocks.h */,
				C651E0221818CC4A00EABB99 /* NSTimer+Blocks.m */,
				C651E0231818CC4A00EABB99 /* README.md */,
			);
			path = "NSTimer-Blocks";
			sourceTree = "<group>";
		};
		C695A1D11818D0370061BEE0 /* BLETennis_Sketch */ = {
			isa = PBXGroup;
			children = (
				C695A1D21818D0370061BEE0 /* BLETennis_sketch.ino */,
			);
			path = BLETennis_Sketch;
			sourceTree = "<group>";
		};
		C695A1D41818DAEA0061BEE0 /* Documentation */ = {
			isa = PBXGroup;
			children = (
				C695A1D51818DB140061BEE0 /* LCD.txt */,
			);
			path = Documentation;
			sourceTree = "<group>";
		};
/* End PBXGroup section */

/* Begin PBXNativeTarget section */
		C651DFCD1818C71100EABB99 /* BLETennis */ = {
			isa = PBXNativeTarget;
			buildConfigurationList = C651E0031818C71100EABB99 /* Build configuration list for PBXNativeTarget "BLETennis" */;
			buildPhases = (
				C651DFCA1818C71100EABB99 /* Sources */,
				C651DFCB1818C71100EABB99 /* Frameworks */,
				C651DFCC1818C71100EABB99 /* Resources */,
			);
			buildRules = (
			);
			dependencies = (
			);
			name = BLETennis;
			productName = BLETennis;
			productReference = C651DFCE1818C71100EABB99 /* BLETennis.app */;
			productType = "com.apple.product-type.application";
		};
		C651DFF11818C71100EABB99 /* BLETennisTests */ = {
			isa = PBXNativeTarget;
			buildConfigurationList = C651E0061818C71100EABB99 /* Build configuration list for PBXNativeTarget "BLETennisTests" */;
			buildPhases = (
				C651DFEE1818C71100EABB99 /* Sources */,
				C651DFEF1818C71100EABB99 /* Frameworks */,
				C651DFF01818C71100EABB99 /* Resources */,
			);
			buildRules = (
			);
			dependencies = (
				C651DFF81818C71100EABB99 /* PBXTargetDependency */,
			);
			name = BLETennisTests;
			productName = BLETennisTests;
			productReference = C651DFF21818C71100EABB99 /* BLETennisTests.xctest */;
			productType = "com.apple.product-type.bundle.unit-test";
		};
/* End PBXNativeTarget section */

/* Begin PBXProject section */
		C651DFC61818C71100EABB99 /* Project object */ = {
			isa = PBXProject;
			attributes = {
				CLASSPREFIX = VWW;
				LastUpgradeCheck = 0500;
				ORGANIZATIONNAME = "Zakk Hoyt";
				TargetAttributes = {
					C651DFCD1818C71100EABB99 = {
						DevelopmentTeam = J7U74N85YF;
					};
					C651DFF11818C71100EABB99 = {
						TestTargetID = C651DFCD1818C71100EABB99;
					};
				};
			};
			buildConfigurationList = C651DFC91818C71100EABB99 /* Build configuration list for PBXProject "BLETennis" */;
			compatibilityVersion = "Xcode 3.2";
			developmentRegion = English;
			hasScannedForEncodings = 0;
			knownRegions = (
				en,
				Base,
			);
			mainGroup = C651DFC51818C71100EABB99;
			productRefGroup = C651DFCF1818C71100EABB99 /* Products */;
			projectDirPath = "";
			projectRoot = "";
			targets = (
				C651DFCD1818C71100EABB99 /* BLETennis */,
				C651DFF11818C71100EABB99 /* BLETennisTests */,
			);
		};
/* End PBXProject section */

/* Begin PBXResourcesBuildPhase section */
		C651DFCC1818C71100EABB99 /* Resources */ = {
			isa = PBXResourcesBuildPhase;
			buildActionMask = 2147483647;
			files = (
				C695A1D61818DB140061BEE0 /* LCD.txt in Resources */,
				C651DFE81818C71100EABB99 /* Main_iPad.storyboard in Resources */,
				C651DFED1818C71100EABB99 /* Images.xcassets in Resources */,
				C651E0261818CC4A00EABB99 /* README.md in Resources */,
				C651DFE51818C71100EABB99 /* Main_iPhone.storyboard in Resources */,
				C651DFDC1818C71100EABB99 /* InfoPlist.strings in Resources */,
				C695A1D31818D0370061BEE0 /* BLETennis_sketch.ino in Resources */,
			);
			runOnlyForDeploymentPostprocessing = 0;
		};
		C651DFF01818C71100EABB99 /* Resources */ = {
			isa = PBXResourcesBuildPhase;
			buildActionMask = 2147483647;
			files = (
				C651DFFE1818C71100EABB99 /* InfoPlist.strings in Resources */,
			);
			runOnlyForDeploymentPostprocessing = 0;
		};
/* End PBXResourcesBuildPhase section */

/* Begin PBXSourcesBuildPhase section */
		C651DFCA1818C71100EABB99 /* Sources */ = {
			isa = PBXSourcesBuildPhase;
			buildActionMask = 2147483647;
			files = (
				C651E0141818CC1800EABB99 /* VWWConnectViewController.m in Sources */,
				C651E0131818CC1800EABB99 /* VWWBLEController.m in Sources */,
				C651E0251818CC4A00EABB99 /* NSTimer+Blocks.m in Sources */,
				C651E0151818CC1800EABB99 /* VWWTennisTableViewCell.m in Sources */,
				C651E0291818CCA400EABB99 /* VWWAppDelegate.m in Sources */,
				C651E01B1818CC3400EABB99 /* BLE.m in Sources */,
				C651E0161818CC1800EABB99 /* VWWTennisViewController.m in Sources */,
				C651DFDE1818C71100EABB99 /* main.m in Sources */,
				C651E0241818CC4A00EABB99 /* MBProgressHUD.m in Sources */,
			);
			runOnlyForDeploymentPostprocessing = 0;
		};
		C651DFEE1818C71100EABB99 /* Sources */ = {
			isa = PBXSourcesBuildPhase;
			buildActionMask = 2147483647;
			files = (
				C651E0001818C71100EABB99 /* BLETennisTests.m in Sources */,
			);
			runOnlyForDeploymentPostprocessing = 0;
		};
/* End PBXSourcesBuildPhase section */

/* Begin PBXTargetDependency section */
		C651DFF81818C71100EABB99 /* PBXTargetDependency */ = {
			isa = PBXTargetDependency;
			target = C651DFCD1818C71100EABB99 /* BLETennis */;
			targetProxy = C651DFF71818C71100EABB99 /* PBXContainerItemProxy */;
		};
/* End PBXTargetDependency section */

/* Begin PBXVariantGroup section */
		C651DFDA1818C71100EABB99 /* InfoPlist.strings */ = {
			isa = PBXVariantGroup;
			children = (
				C651DFDB1818C71100EABB99 /* en */,
			);
			name = InfoPlist.strings;
			sourceTree = "<group>";
		};
		C651DFE31818C71100EABB99 /* Main_iPhone.storyboard */ = {
			isa = PBXVariantGroup;
			children = (
				C651DFE41818C71100EABB99 /* Base */,
			);
			name = Main_iPhone.storyboard;
			sourceTree = "<group>";
		};
		C651DFE61818C71100EABB99 /* Main_iPad.storyboard */ = {
			isa = PBXVariantGroup;
			children = (
				C651DFE71818C71100EABB99 /* Base */,
			);
			name = Main_iPad.storyboard;
			sourceTree = "<group>";
		};
		C651DFFC1818C71100EABB99 /* InfoPlist.strings */ = {
			isa = PBXVariantGroup;
			children = (
				C651DFFD1818C71100EABB99 /* en */,
			);
			name = InfoPlist.strings;
			sourceTree = "<group>";
		};
/* End PBXVariantGroup section */

/* Begin XCBuildConfiguration section */
		C651E0011818C71100EABB99 /* Debug */ = {
			isa = XCBuildConfiguration;
			buildSettings = {
				ALWAYS_SEARCH_USER_PATHS = NO;
				ARCHS = "$(ARCHS_STANDARD_INCLUDING_64_BIT)";
				CLANG_CXX_LANGUAGE_STANDARD = "gnu++0x";
				CLANG_CXX_LIBRARY = "libc++";
				CLANG_ENABLE_MODULES = YES;
				CLANG_ENABLE_OBJC_ARC = YES;
				CLANG_WARN_BOOL_CONVERSION = YES;
				CLANG_WARN_CONSTANT_CONVERSION = YES;
				CLANG_WARN_DIRECT_OBJC_ISA_USAGE = YES_ERROR;
				CLANG_WARN_EMPTY_BODY = YES;
				CLANG_WARN_ENUM_CONVERSION = YES;
				CLANG_WARN_INT_CONVERSION = YES;
				CLANG_WARN_OBJC_ROOT_CLASS = YES_ERROR;
				CLANG_WARN__DUPLICATE_METHOD_MATCH = YES;
				"CODE_SIGN_IDENTITY[sdk=iphoneos*]" = "iPhone Developer";
				COPY_PHASE_STRIP = NO;
				GCC_C_LANGUAGE_STANDARD = gnu99;
				GCC_DYNAMIC_NO_PIC = NO;
				GCC_OPTIMIZATION_LEVEL = 0;
				GCC_PREPROCESSOR_DEFINITIONS = (
					"DEBUG=1",
					"$(inherited)",
				);
				GCC_SYMBOLS_PRIVATE_EXTERN = NO;
				GCC_WARN_64_TO_32_BIT_CONVERSION = YES;
				GCC_WARN_ABOUT_RETURN_TYPE = YES_ERROR;
				GCC_WARN_UNDECLARED_SELECTOR = YES;
				GCC_WARN_UNINITIALIZED_AUTOS = YES;
				GCC_WARN_UNUSED_FUNCTION = YES;
				GCC_WARN_UNUSED_VARIABLE = YES;
				IPHONEOS_DEPLOYMENT_TARGET = 7.0;
				ONLY_ACTIVE_ARCH = YES;
				SDKROOT = iphoneos;
				TARGETED_DEVICE_FAMILY = "1,2";
			};
			name = Debug;
		};
		C651E0021818C71100EABB99 /* Release */ = {
			isa = XCBuildConfiguration;
			buildSettings = {
				ALWAYS_SEARCH_USER_PATHS = NO;
				ARCHS = "$(ARCHS_STANDARD_INCLUDING_64_BIT)";
				CLANG_CXX_LANGUAGE_STANDARD = "gnu++0x";
				CLANG_CXX_LIBRARY = "libc++";
				CLANG_ENABLE_MODULES = YES;
				CLANG_ENABLE_OBJC_ARC = YES;
				CLANG_WARN_BOOL_CONVERSION = YES;
				CLANG_WARN_CONSTANT_CONVERSION = YES;
				CLANG_WARN_DIRECT_OBJC_ISA_USAGE = YES_ERROR;
				CLANG_WARN_EMPTY_BODY = YES;
				CLANG_WARN_ENUM_CONVERSION = YES;
				CLANG_WARN_INT_CONVERSION = YES;
				CLANG_WARN_OBJC_ROOT_CLASS = YES_ERROR;
				CLANG_WARN__DUPLICATE_METHOD_MATCH = YES;
				"CODE_SIGN_IDENTITY[sdk=iphoneos*]" = "iPhone Developer";
				COPY_PHASE_STRIP = YES;
				ENABLE_NS_ASSERTIONS = NO;
				GCC_C_LANGUAGE_STANDARD = gnu99;
				GCC_WARN_64_TO_32_BIT_CONVERSION = YES;
				GCC_WARN_ABOUT_RETURN_TYPE = YES_ERROR;
				GCC_WARN_UNDECLARED_SELECTOR = YES;
				GCC_WARN_UNINITIALIZED_AUTOS = YES;
				GCC_WARN_UNUSED_FUNCTION = YES;
				GCC_WARN_UNUSED_VARIABLE = YES;
				IPHONEOS_DEPLOYMENT_TARGET = 7.0;
				SDKROOT = iphoneos;
				TARGETED_DEVICE_FAMILY = "1,2";
				VALIDATE_PRODUCT = YES;
			};
			name = Release;
		};
		C651E0041818C71100EABB99 /* Debug */ = {
			isa = XCBuildConfiguration;
			buildSettings = {
				ASSETCATALOG_COMPILER_APPICON_NAME = AppIcon;
				ASSETCATALOG_COMPILER_LAUNCHIMAGE_NAME = LaunchImage;
				CODE_SIGN_IDENTITY = "iPhone Developer";
				"CODE_SIGN_IDENTITY[sdk=iphoneos*]" = "iPhone Developer";
				GCC_PRECOMPILE_PREFIX_HEADER = YES;
				GCC_PREFIX_HEADER = "BLETennis/BLETennis-Prefix.pch";
				INFOPLIST_FILE = "BLETennis/BLETennis-Info.plist";
				IPHONEOS_DEPLOYMENT_TARGET = 6.0;
				PRODUCT_NAME = "$(TARGET_NAME)";
				PROVISIONING_PROFILE = "";
				WRAPPER_EXTENSION = app;
			};
			name = Debug;
		};
		C651E0051818C71100EABB99 /* Release */ = {
			isa = XCBuildConfiguration;
			buildSettings = {
				ASSETCATALOG_COMPILER_APPICON_NAME = AppIcon;
				ASSETCATALOG_COMPILER_LAUNCHIMAGE_NAME = LaunchImage;
				CODE_SIGN_IDENTITY = "iPhone Developer";
				"CODE_SIGN_IDENTITY[sdk=iphoneos*]" = "iPhone Developer";
				GCC_PRECOMPILE_PREFIX_HEADER = YES;
				GCC_PREFIX_HEADER = "BLETennis/BLETennis-Prefix.pch";
				INFOPLIST_FILE = "BLETennis/BLETennis-Info.plist";
				IPHONEOS_DEPLOYMENT_TARGET = 6.0;
				PRODUCT_NAME = "$(TARGET_NAME)";
				PROVISIONING_PROFILE = "";
				WRAPPER_EXTENSION = app;
			};
			name = Release;
		};
		C651E0071818C71100EABB99 /* Debug */ = {
			isa = XCBuildConfiguration;
			buildSettings = {
				ARCHS = "$(ARCHS_STANDARD_INCLUDING_64_BIT)";
				BUNDLE_LOADER = "$(BUILT_PRODUCTS_DIR)/BLETennis.app/BLETennis";
				FRAMEWORK_SEARCH_PATHS = (
					"$(SDKROOT)/Developer/Library/Frameworks",
					"$(inherited)",
					"$(DEVELOPER_FRAMEWORKS_DIR)",
				);
				GCC_PRECOMPILE_PREFIX_HEADER = YES;
				GCC_PREFIX_HEADER = "BLETennis/BLETennis-Prefix.pch";
				GCC_PREPROCESSOR_DEFINITIONS = (
					"DEBUG=1",
					"$(inherited)",
				);
				INFOPLIST_FILE = "BLETennisTests/BLETennisTests-Info.plist";
				PRODUCT_NAME = "$(TARGET_NAME)";
				TEST_HOST = "$(BUNDLE_LOADER)";
				WRAPPER_EXTENSION = xctest;
			};
			name = Debug;
		};
		C651E0081818C71100EABB99 /* Release */ = {
			isa = XCBuildConfiguration;
			buildSettings = {
				ARCHS = "$(ARCHS_STANDARD_INCLUDING_64_BIT)";
				BUNDLE_LOADER = "$(BUILT_PRODUCTS_DIR)/BLETennis.app/BLETennis";
				FRAMEWORK_SEARCH_PATHS = (
					"$(SDKROOT)/Developer/Library/Frameworks",
					"$(inherited)",
					"$(DEVELOPER_FRAMEWORKS_DIR)",
				);
				GCC_PRECOMPILE_PREFIX_HEADER = YES;
				GCC_PREFIX_HEADER = "BLETennis/BLETennis-Prefix.pch";
				INFOPLIST_FILE = "BLETennisTests/BLETennisTests-Info.plist";
				PRODUCT_NAME = "$(TARGET_NAME)";
				TEST_HOST = "$(BUNDLE_LOADER)";
				WRAPPER_EXTENSION = xctest;
			};
			name = Release;
		};
/* End XCBuildConfiguration section */

/* Begin XCConfigurationList section */
		C651DFC91818C71100EABB99 /* Build configuration list for PBXProject "BLETennis" */ = {
			isa = XCConfigurationList;
			buildConfigurations = (
				C651E0011818C71100EABB99 /* Debug */,
				C651E0021818C71100EABB99 /* Release */,
			);
			defaultConfigurationIsVisible = 0;
			defaultConfigurationName = Release;
		};
		C651E0031818C71100EABB99 /* Build configuration list for PBXNativeTarget "BLETennis" */ = {
			isa = XCConfigurationList;
			buildConfigurations = (
				C651E0041818C71100EABB99 /* Debug */,
				C651E0051818C71100EABB99 /* Release */,
			);
			defaultConfigurationIsVisible = 0;
			defaultConfigurationName = Release;
		};
		C651E0061818C71100EABB99 /* Build configuration list for PBXNativeTarget "BLETennisTests" */ = {
			isa = XCConfigurationList;
			buildConfigurations = (
				C651E0071818C71100EABB99 /* Debug */,
				C651E0081818C71100EABB99 /* Release */,
			);
			defaultConfigurationIsVisible = 0;
			defaultConfigurationName = Release;
		};
/* End XCConfigurationList section */
	};
	rootObject = C651DFC61818C71100EABB99 /* Project object */;
}
